# This file is @generated by PDM.
# It is not intended for manual editing.

[metadata]
groups = ["default"]
strategy = ["cross_platform", "inherit_metadata"]
lock_version = "4.4.1"
content_hash = "sha256:95dd9568d5c4daf533f68a361c42382485c2bc387bbe1a9b52855b42bb304817"

[[package]]
name = "attrs"
version = "23.2.0"
requires_python = ">=3.7"
summary = "Classes Without Boilerplate"
groups = ["default"]
files = [
    {file = "attrs-23.2.0-py3-none-any.whl", hash = "sha256:99b87a485a5820b23b879f04c2305b44b951b502fd64be915879d77a7e8fc6f1"},
    {file = "attrs-23.2.0.tar.gz", hash = "sha256:935dc3b529c262f6cf76e50877d35a4bd3c1de194fd41f47a2b7ae8f19971f30"},
]

[[package]]
name = "branca"
version = "0.7.2"
requires_python = ">=3.7"
summary = "Generate complex HTML+JS pages with Python"
groups = ["default"]
dependencies = [
    "jinja2>=3",
]
files = [
    {file = "branca-0.7.2-py3-none-any.whl", hash = "sha256:853a359c34d08fd06498be762d8be9932750db4049cac11e25dd6f23562e25c2"},
    {file = "branca-0.7.2.tar.gz", hash = "sha256:ca4c94643ef31b819987ca5bd19c6009ea17b440baa3aac04628545f7a4da023"},
]

[[package]]
name = "certifi"
version = "2024.6.2"
requires_python = ">=3.6"
summary = "Python package for providing Mozilla's CA Bundle."
groups = ["default"]
files = [
    {file = "certifi-2024.6.2-py3-none-any.whl", hash = "sha256:ddc6c8ce995e6987e7faf5e3f1b02b302836a0e5d98ece18392cb1a36c72ad56"},
    {file = "certifi-2024.6.2.tar.gz", hash = "sha256:3cd43f1c6fa7dedc5899d69d3ad0398fd018ad1a17fba83ddaf78aa46c747516"},
]

[[package]]
name = "charset-normalizer"
version = "3.3.2"
requires_python = ">=3.7.0"
summary = "The Real First Universal Charset Detector. Open, modern and actively maintained alternative to Chardet."
groups = ["default"]
files = [
    {file = "charset-normalizer-3.3.2.tar.gz", hash = "sha256:f30c3cb33b24454a82faecaf01b19c18562b1e89558fb6c56de4d9118a032fd5"},
    {file = "charset_normalizer-3.3.2-cp311-cp311-macosx_10_9_universal2.whl", hash = "sha256:802fe99cca7457642125a8a88a084cef28ff0cf9407060f7b93dca5aa25480db"},
    {file = "charset_normalizer-3.3.2-cp311-cp311-macosx_10_9_x86_64.whl", hash = "sha256:573f6eac48f4769d667c4442081b1794f52919e7edada77495aaed9236d13a96"},
    {file = "charset_normalizer-3.3.2-cp311-cp311-macosx_11_0_arm64.whl", hash = "sha256:549a3a73da901d5bc3ce8d24e0600d1fa85524c10287f6004fbab87672bf3e1e"},
    {file = "charset_normalizer-3.3.2-cp311-cp311-manylinux_2_17_aarch64.manylinux2014_aarch64.whl", hash = "sha256:f27273b60488abe721a075bcca6d7f3964f9f6f067c8c4c605743023d7d3944f"},
    {file = "charset_normalizer-3.3.2-cp311-cp311-manylinux_2_17_ppc64le.manylinux2014_ppc64le.whl", hash = "sha256:1ceae2f17a9c33cb48e3263960dc5fc8005351ee19db217e9b1bb15d28c02574"},
    {file = "charset_normalizer-3.3.2-cp311-cp311-manylinux_2_17_s390x.manylinux2014_s390x.whl", hash = "sha256:65f6f63034100ead094b8744b3b97965785388f308a64cf8d7c34f2f2e5be0c4"},
    {file = "charset_normalizer-3.3.2-cp311-cp311-manylinux_2_17_x86_64.manylinux2014_x86_64.whl", hash = "sha256:753f10e867343b4511128c6ed8c82f7bec3bd026875576dfd88483c5c73b2fd8"},
    {file = "charset_normalizer-3.3.2-cp311-cp311-manylinux_2_5_i686.manylinux1_i686.manylinux_2_17_i686.manylinux2014_i686.whl", hash = "sha256:4a78b2b446bd7c934f5dcedc588903fb2f5eec172f3d29e52a9096a43722adfc"},
    {file = "charset_normalizer-3.3.2-cp311-cp311-musllinux_1_1_aarch64.whl", hash = "sha256:e537484df0d8f426ce2afb2d0f8e1c3d0b114b83f8850e5f2fbea0e797bd82ae"},
    {file = "charset_normalizer-3.3.2-cp311-cp311-musllinux_1_1_i686.whl", hash = "sha256:eb6904c354526e758fda7167b33005998fb68c46fbc10e013ca97f21ca5c8887"},
    {file = "charset_normalizer-3.3.2-cp311-cp311-musllinux_1_1_ppc64le.whl", hash = "sha256:deb6be0ac38ece9ba87dea880e438f25ca3eddfac8b002a2ec3d9183a454e8ae"},
    {file = "charset_normalizer-3.3.2-cp311-cp311-musllinux_1_1_s390x.whl", hash = "sha256:4ab2fe47fae9e0f9dee8c04187ce5d09f48eabe611be8259444906793ab7cbce"},
    {file = "charset_normalizer-3.3.2-cp311-cp311-musllinux_1_1_x86_64.whl", hash = "sha256:80402cd6ee291dcb72644d6eac93785fe2c8b9cb30893c1af5b8fdd753b9d40f"},
    {file = "charset_normalizer-3.3.2-cp311-cp311-win32.whl", hash = "sha256:7cd13a2e3ddeed6913a65e66e94b51d80a041145a026c27e6bb76c31a853c6ab"},
    {file = "charset_normalizer-3.3.2-cp311-cp311-win_amd64.whl", hash = "sha256:663946639d296df6a2bb2aa51b60a2454ca1cb29835324c640dafb5ff2131a77"},
    {file = "charset_normalizer-3.3.2-py3-none-any.whl", hash = "sha256:3e4d1f6587322d2788836a99c69062fbb091331ec940e02d12d179c1d53e25fc"},
]

[[package]]
name = "click"
version = "8.1.7"
requires_python = ">=3.7"
summary = "Composable command line interface toolkit"
groups = ["default"]
dependencies = [
    "colorama; platform_system == \"Windows\"",
]
files = [
    {file = "click-8.1.7-py3-none-any.whl", hash = "sha256:ae74fb96c20a0277a1d615f1e4d73c8414f5a98db8b799a7931d1582f3390c28"},
    {file = "click-8.1.7.tar.gz", hash = "sha256:ca9853ad459e787e2192211578cc907e7594e294c7ccc834310722b41b9ca6de"},
]

[[package]]
name = "click-plugins"
version = "1.1.1"
summary = "An extension module for click to enable registering CLI commands via setuptools entry-points."
groups = ["default"]
dependencies = [
    "click>=4.0",
]
files = [
    {file = "click-plugins-1.1.1.tar.gz", hash = "sha256:46ab999744a9d831159c3411bb0c79346d94a444df9a3a3742e9ed63645f264b"},
    {file = "click_plugins-1.1.1-py2.py3-none-any.whl", hash = "sha256:5d262006d3222f5057fd81e1623d4443e41dcda5dc815c06b442aa3c02889fc8"},
]

[[package]]
name = "cligj"
version = "0.7.2"
requires_python = ">=2.7, !=3.0.*, !=3.1.*, !=3.2.*, <4"
summary = "Click params for commmand line interfaces to GeoJSON"
groups = ["default"]
dependencies = [
    "click>=4.0",
]
files = [
    {file = "cligj-0.7.2-py3-none-any.whl", hash = "sha256:c1ca117dbce1fe20a5809dc96f01e1c2840f6dcc939b3ddbb1111bf330ba82df"},
    {file = "cligj-0.7.2.tar.gz", hash = "sha256:a4bc13d623356b373c2c27c53dbd9c68cae5d526270bfa71f6c6fa69669c6b27"},
]

[[package]]
name = "colorama"
version = "0.4.6"
requires_python = "!=3.0.*,!=3.1.*,!=3.2.*,!=3.3.*,!=3.4.*,!=3.5.*,!=3.6.*,>=2.7"
summary = "Cross-platform colored terminal text."
groups = ["default"]
marker = "platform_system == \"Windows\""
files = [
    {file = "colorama-0.4.6-py2.py3-none-any.whl", hash = "sha256:4f1d9991f5acc0ca119f9d443620b77f9d6b33703e51011c16baf57afb285fc6"},
    {file = "colorama-0.4.6.tar.gz", hash = "sha256:08695f5cb7ed6e0531a20572697297273c47b8cae5a63ffc6d6ed5c201be6e44"},
]

[[package]]
name = "fiona"
version = "1.9.6"
requires_python = ">=3.7"
summary = "Fiona reads and writes spatial data files"
groups = ["default"]
dependencies = [
    "attrs>=19.2.0",
    "certifi",
    "click-plugins>=1.0",
    "click~=8.0",
    "cligj>=0.5",
    "six",
]
files = [
    {file = "fiona-1.9.6-cp311-cp311-macosx_10_15_x86_64.whl", hash = "sha256:98cea6f435843b2119731c6b0470e5b7386aa16b6aa7edabbf1ed93aefe029c3"},
    {file = "fiona-1.9.6-cp311-cp311-macosx_11_0_arm64.whl", hash = "sha256:f4230eccbd896a79d1ebfa551d84bf90f512f7bcbe1ca61e3f82231321f1a532"},
    {file = "fiona-1.9.6-cp311-cp311-manylinux2014_x86_64.whl", hash = "sha256:48b6218224e96de5e36b5eb259f37160092260e5de0dcd82ca200b1887aa9884"},
    {file = "fiona-1.9.6-cp311-cp311-win_amd64.whl", hash = "sha256:c1dd5fbc29b7303bb87eb683455e8451e1a53bb8faf20ef97fdcd843c9e4a7f6"},
    {file = "fiona-1.9.6.tar.gz", hash = "sha256:791b3494f8b218c06ea56f892bd6ba893dfa23525347761d066fb7738acda3b1"},
]

[[package]]
name = "folium"
version = "0.17.0"
requires_python = ">=3.8"
summary = "Make beautiful maps with Leaflet.js & Python"
groups = ["default"]
dependencies = [
    "branca>=0.6.0",
    "jinja2>=2.9",
    "numpy",
    "requests",
    "xyzservices",
]
files = [
    {file = "folium-0.17.0-py2.py3-none-any.whl", hash = "sha256:14210d054e9afad6ebac037495508297d78805fcfa16f859fdee10bb7f85c2c1"},
    {file = "folium-0.17.0.tar.gz", hash = "sha256:48385df9a3f6ceca23647c2e8d87850c8a6e05b40db63266e7b8c6d2d734d4c6"},
]

[[package]]
name = "geopandas"
version = "0.14.4"
requires_python = ">=3.9"
summary = "Geographic pandas extensions"
groups = ["default"]
dependencies = [
    "fiona>=1.8.21",
    "numpy>=1.22",
    "packaging",
    "pandas>=1.4.0",
    "pyproj>=3.3.0",
    "shapely>=1.8.0",
]
files = [
    {file = "geopandas-0.14.4-py3-none-any.whl", hash = "sha256:3bb6473cb59d51e1a7fe2dbc24a1a063fb0ebdeddf3ce08ddbf8c7ddc99689aa"},
    {file = "geopandas-0.14.4.tar.gz", hash = "sha256:56765be9d58e2c743078085db3bd07dc6be7719f0dbe1dfdc1d705cb80be7c25"},
]

[[package]]
name = "idna"
version = "3.7"
requires_python = ">=3.5"
summary = "Internationalized Domain Names in Applications (IDNA)"
groups = ["default"]
files = [
    {file = "idna-3.7-py3-none-any.whl", hash = "sha256:82fee1fc78add43492d3a1898bfa6d8a904cc97d8427f683ed8e798d07761aa0"},
    {file = "idna-3.7.tar.gz", hash = "sha256:028ff3aadf0609c1fd278d8ea3089299412a7a8b9bd005dd08b9f8285bcb5cfc"},
]

[[package]]
name = "jinja2"
version = "3.1.4"
requires_python = ">=3.7"
summary = "A very fast and expressive template engine."
groups = ["default"]
dependencies = [
    "MarkupSafe>=2.0",
]
files = [
    {file = "jinja2-3.1.4-py3-none-any.whl", hash = "sha256:bc5dd2abb727a5319567b7a813e6a2e7318c39f4f487cfe6c89c6f9c7d25197d"},
    {file = "jinja2-3.1.4.tar.gz", hash = "sha256:4a3aee7acbbe7303aede8e9648d13b8bf88a429282aa6122a993f0ac800cb369"},
]

[[package]]
name = "joblib"
version = "1.4.2"
requires_python = ">=3.8"
summary = "Lightweight pipelining with Python functions"
groups = ["default"]
files = [
    {file = "joblib-1.4.2-py3-none-any.whl", hash = "sha256:06d478d5674cbc267e7496a410ee875abd68e4340feff4490bcb7afb88060ae6"},
    {file = "joblib-1.4.2.tar.gz", hash = "sha256:2382c5816b2636fbd20a09e0f4e9dad4736765fdfb7dca582943b9c1366b3f0e"},
]

[[package]]
name = "markupsafe"
version = "2.1.5"
requires_python = ">=3.7"
summary = "Safely add untrusted strings to HTML/XML markup."
groups = ["default"]
files = [
    {file = "MarkupSafe-2.1.5-cp311-cp311-macosx_10_9_universal2.whl", hash = "sha256:629ddd2ca402ae6dbedfceeba9c46d5f7b2a61d9749597d4307f943ef198fc1f"},
    {file = "MarkupSafe-2.1.5-cp311-cp311-macosx_10_9_x86_64.whl", hash = "sha256:5b7b716f97b52c5a14bffdf688f971b2d5ef4029127f1ad7a513973cfd818df2"},
    {file = "MarkupSafe-2.1.5-cp311-cp311-manylinux_2_17_aarch64.manylinux2014_aarch64.whl", hash = "sha256:6ec585f69cec0aa07d945b20805be741395e28ac1627333b1c5b0105962ffced"},
    {file = "MarkupSafe-2.1.5-cp311-cp311-manylinux_2_17_x86_64.manylinux2014_x86_64.whl", hash = "sha256:b91c037585eba9095565a3556f611e3cbfaa42ca1e865f7b8015fe5c7336d5a5"},
    {file = "MarkupSafe-2.1.5-cp311-cp311-manylinux_2_5_i686.manylinux1_i686.manylinux_2_17_i686.manylinux2014_i686.whl", hash = "sha256:7502934a33b54030eaf1194c21c692a534196063db72176b0c4028e140f8f32c"},
    {file = "MarkupSafe-2.1.5-cp311-cp311-musllinux_1_1_aarch64.whl", hash = "sha256:0e397ac966fdf721b2c528cf028494e86172b4feba51d65f81ffd65c63798f3f"},
    {file = "MarkupSafe-2.1.5-cp311-cp311-musllinux_1_1_i686.whl", hash = "sha256:c061bb86a71b42465156a3ee7bd58c8c2ceacdbeb95d05a99893e08b8467359a"},
    {file = "MarkupSafe-2.1.5-cp311-cp311-musllinux_1_1_x86_64.whl", hash = "sha256:3a57fdd7ce31c7ff06cdfbf31dafa96cc533c21e443d57f5b1ecc6cdc668ec7f"},
    {file = "MarkupSafe-2.1.5-cp311-cp311-win32.whl", hash = "sha256:397081c1a0bfb5124355710fe79478cdbeb39626492b15d399526ae53422b906"},
    {file = "MarkupSafe-2.1.5-cp311-cp311-win_amd64.whl", hash = "sha256:2b7c57a4dfc4f16f7142221afe5ba4e093e09e728ca65c51f5620c9aaeb9a617"},
    {file = "MarkupSafe-2.1.5.tar.gz", hash = "sha256:d283d37a890ba4c1ae73ffadf8046435c76e7bc2247bbb63c00bd1a709c6544b"},
]

[[package]]
name = "networkx"
version = "3.3"
requires_python = ">=3.10"
summary = "Python package for creating and manipulating graphs and networks"
groups = ["default"]
files = [
    {file = "networkx-3.3-py3-none-any.whl", hash = "sha256:28575580c6ebdaf4505b22c6256a2b9de86b316dc63ba9e93abde3d78dfdbcf2"},
    {file = "networkx-3.3.tar.gz", hash = "sha256:0c127d8b2f4865f59ae9cb8aafcd60b5c70f3241ebd66f7defad7c4ab90126c9"},
]

[[package]]
name = "numpy"
version = "2.0.0"
requires_python = ">=3.9"
summary = "Fundamental package for array computing in Python"
groups = ["default"]
files = [
    {file = "numpy-2.0.0-cp311-cp311-macosx_10_9_x86_64.whl", hash = "sha256:ad0c86f3455fbd0de6c31a3056eb822fc939f81b1618f10ff3406971893b62a5"},
    {file = "numpy-2.0.0-cp311-cp311-macosx_11_0_arm64.whl", hash = "sha256:e7f387600d424f91576af20518334df3d97bc76a300a755f9a8d6e4f5cadd289"},
    {file = "numpy-2.0.0-cp311-cp311-macosx_14_0_arm64.whl", hash = "sha256:34f003cb88b1ba38cb9a9a4a3161c1604973d7f9d5552c38bc2f04f829536609"},
    {file = "numpy-2.0.0-cp311-cp311-macosx_14_0_x86_64.whl", hash = "sha256:b6f6a8f45d0313db07d6d1d37bd0b112f887e1369758a5419c0370ba915b3871"},
    {file = "numpy-2.0.0-cp311-cp311-manylinux_2_17_aarch64.manylinux2014_aarch64.whl", hash = "sha256:5f64641b42b2429f56ee08b4f427a4d2daf916ec59686061de751a55aafa22e4"},
    {file = "numpy-2.0.0-cp311-cp311-manylinux_2_17_x86_64.manylinux2014_x86_64.whl", hash = "sha256:a7039a136017eaa92c1848152827e1424701532ca8e8967fe480fe1569dae581"},
    {file = "numpy-2.0.0-cp311-cp311-musllinux_1_1_x86_64.whl", hash = "sha256:46e161722e0f619749d1cd892167039015b2c2817296104487cd03ed4a955995"},
    {file = "numpy-2.0.0-cp311-cp311-musllinux_1_2_aarch64.whl", hash = "sha256:0e50842b2295ba8414c8c1d9d957083d5dfe9e16828b37de883f51fc53c4016f"},
    {file = "numpy-2.0.0-cp311-cp311-win32.whl", hash = "sha256:2ce46fd0b8a0c947ae047d222f7136fc4d55538741373107574271bc00e20e8f"},
    {file = "numpy-2.0.0-cp311-cp311-win_amd64.whl", hash = "sha256:fbd6acc766814ea6443628f4e6751d0da6593dae29c08c0b2606164db026970c"},
    {file = "numpy-2.0.0-pp39-pypy39_pp73-macosx_10_9_x86_64.whl", hash = "sha256:9416a5c2e92ace094e9f0082c5fd473502c91651fb896bc17690d6fc475128d6"},
    {file = "numpy-2.0.0-pp39-pypy39_pp73-macosx_14_0_x86_64.whl", hash = "sha256:17067d097ed036636fa79f6a869ac26df7db1ba22039d962422506640314933a"},
    {file = "numpy-2.0.0-pp39-pypy39_pp73-manylinux_2_17_x86_64.manylinux2014_x86_64.whl", hash = "sha256:38ecb5b0582cd125f67a629072fed6f83562d9dd04d7e03256c9829bdec027ad"},
    {file = "numpy-2.0.0-pp39-pypy39_pp73-win_amd64.whl", hash = "sha256:cef04d068f5fb0518a77857953193b6bb94809a806bd0a14983a8f12ada060c9"},
    {file = "numpy-2.0.0.tar.gz", hash = "sha256:cf5d1c9e6837f8af9f92b6bd3e86d513cdc11f60fd62185cc49ec7d1aba34864"},
]

[[package]]
name = "osmnx"
version = "1.9.3"
requires_python = ">=3.8"
summary = "Download, model, analyze, and visualize street networks and other geospatial features from OpenStreetMap"
groups = ["default"]
dependencies = [
    "geopandas>=0.12",
    "networkx>=2.5",
    "numpy>=1.20",
    "pandas>=1.1",
    "requests>=2.27",
    "shapely>=2.0",
]
files = [
    {file = "osmnx-1.9.3-py3-none-any.whl", hash = "sha256:ac67bea77b521941af648ef641ae1d006101948d1112475c256ea23ef31b426a"},
    {file = "osmnx-1.9.3.tar.gz", hash = "sha256:22548d86d68d36edff3cf9ab76c45745cda86a4ea0b28442e107d6b42992a426"},
]

[[package]]
name = "packaging"
version = "24.1"
requires_python = ">=3.8"
summary = "Core utilities for Python packages"
groups = ["default"]
files = [
    {file = "packaging-24.1-py3-none-any.whl", hash = "sha256:5b8f2217dbdbd2f7f384c41c628544e6d52f2d0f53c6d0c3ea61aa5d1d7ff124"},
    {file = "packaging-24.1.tar.gz", hash = "sha256:026ed72c8ed3fcce5bf8950572258698927fd1dbda10a5e981cdf0ac37f4f002"},
]

[[package]]
name = "pandas"
version = "2.2.2"
requires_python = ">=3.9"
summary = "Powerful data structures for data analysis, time series, and statistics"
groups = ["default"]
dependencies = [
    "numpy>=1.23.2; python_version == \"3.11\"",
    "python-dateutil>=2.8.2",
    "pytz>=2020.1",
    "tzdata>=2022.7",
]
files = [
    {file = "pandas-2.2.2-cp311-cp311-macosx_10_9_x86_64.whl", hash = "sha256:696039430f7a562b74fa45f540aca068ea85fa34c244d0deee539cb6d70aa288"},
    {file = "pandas-2.2.2-cp311-cp311-macosx_11_0_arm64.whl", hash = "sha256:8e90497254aacacbc4ea6ae5e7a8cd75629d6ad2b30025a4a8b09aa4faf55151"},
    {file = "pandas-2.2.2-cp311-cp311-manylinux_2_17_aarch64.manylinux2014_aarch64.whl", hash = "sha256:58b84b91b0b9f4bafac2a0ac55002280c094dfc6402402332c0913a59654ab2b"},
    {file = "pandas-2.2.2-cp311-cp311-manylinux_2_17_x86_64.manylinux2014_x86_64.whl", hash = "sha256:6d2123dc9ad6a814bcdea0f099885276b31b24f7edf40f6cdbc0912672e22eee"},
    {file = "pandas-2.2.2-cp311-cp311-musllinux_1_1_aarch64.whl", hash = "sha256:2925720037f06e89af896c70bca73459d7e6a4be96f9de79e2d440bd499fe0db"},
    {file = "pandas-2.2.2-cp311-cp311-musllinux_1_1_x86_64.whl", hash = "sha256:0cace394b6ea70c01ca1595f839cf193df35d1575986e484ad35c4aeae7266c1"},
    {file = "pandas-2.2.2-cp311-cp311-win_amd64.whl", hash = "sha256:873d13d177501a28b2756375d59816c365e42ed8417b41665f346289adc68d24"},
    {file = "pandas-2.2.2.tar.gz", hash = "sha256:9e79019aba43cb4fda9e4d983f8e88ca0373adbb697ae9c6c43093218de28b54"},
]

[[package]]
name = "pyproj"
version = "3.6.1"
requires_python = ">=3.9"
summary = "Python interface to PROJ (cartographic projections and coordinate transformations library)"
groups = ["default"]
dependencies = [
    "certifi",
]
files = [
    {file = "pyproj-3.6.1-cp311-cp311-macosx_10_9_x86_64.whl", hash = "sha256:ebfbdbd0936e178091309f6cd4fcb4decd9eab12aa513cdd9add89efa3ec2882"},
    {file = "pyproj-3.6.1-cp311-cp311-macosx_11_0_arm64.whl", hash = "sha256:447db19c7efad70ff161e5e46a54ab9cc2399acebb656b6ccf63e4bc4a04b97a"},
    {file = "pyproj-3.6.1-cp311-cp311-manylinux_2_17_aarch64.manylinux2014_aarch64.whl", hash = "sha256:e7e13c40183884ec7f94eb8e0f622f08f1d5716150b8d7a134de48c6110fee85"},
    {file = "pyproj-3.6.1-cp311-cp311-manylinux_2_17_x86_64.manylinux2014_x86_64.whl", hash = "sha256:65ad699e0c830e2b8565afe42bd58cc972b47d829b2e0e48ad9638386d994915"},
    {file = "pyproj-3.6.1-cp311-cp311-win32.whl", hash = "sha256:8b8acc31fb8702c54625f4d5a2a6543557bec3c28a0ef638778b7ab1d1772132"},
    {file = "pyproj-3.6.1-cp311-cp311-win_amd64.whl", hash = "sha256:38a3361941eb72b82bd9a18f60c78b0df8408416f9340521df442cebfc4306e2"},
    {file = "pyproj-3.6.1-pp39-pypy39_pp73-macosx_10_9_x86_64.whl", hash = "sha256:fd93c1a0c6c4aedc77c0fe275a9f2aba4d59b8acf88cebfc19fe3c430cfabf4f"},
    {file = "pyproj-3.6.1-pp39-pypy39_pp73-manylinux_2_17_x86_64.manylinux2014_x86_64.whl", hash = "sha256:6420ea8e7d2a88cb148b124429fba8cd2e0fae700a2d96eab7083c0928a85110"},
    {file = "pyproj-3.6.1.tar.gz", hash = "sha256:44aa7c704c2b7d8fb3d483bbf75af6cb2350d30a63b144279a09b75fead501bf"},
]

[[package]]
name = "python-dateutil"
version = "2.9.0.post0"
requires_python = "!=3.0.*,!=3.1.*,!=3.2.*,>=2.7"
summary = "Extensions to the standard Python datetime module"
groups = ["default"]
dependencies = [
    "six>=1.5",
]
files = [
    {file = "python-dateutil-2.9.0.post0.tar.gz", hash = "sha256:37dd54208da7e1cd875388217d5e00ebd4179249f90fb72437e91a35459a0ad3"},
    {file = "python_dateutil-2.9.0.post0-py2.py3-none-any.whl", hash = "sha256:a8b2bc7bffae282281c8140a97d3aa9c14da0b136dfe83f850eea9a5f7470427"},
]

[[package]]
name = "pytz"
version = "2024.1"
summary = "World timezone definitions, modern and historical"
groups = ["default"]
files = [
    {file = "pytz-2024.1-py2.py3-none-any.whl", hash = "sha256:328171f4e3623139da4983451950b28e95ac706e13f3f2630a879749e7a8b319"},
    {file = "pytz-2024.1.tar.gz", hash = "sha256:2a29735ea9c18baf14b448846bde5a48030ed267578472d8955cd0e7443a9812"},
]

[[package]]
name = "requests"
version = "2.32.3"
requires_python = ">=3.8"
summary = "Python HTTP for Humans."
groups = ["default"]
dependencies = [
    "certifi>=2017.4.17",
    "charset-normalizer<4,>=2",
    "idna<4,>=2.5",
    "urllib3<3,>=1.21.1",
]
files = [
    {file = "requests-2.32.3-py3-none-any.whl", hash = "sha256:70761cfe03c773ceb22aa2f671b4757976145175cdfca038c02654d061d6dcc6"},
    {file = "requests-2.32.3.tar.gz", hash = "sha256:55365417734eb18255590a9ff9eb97e9e1da868d4ccd6402399eaf68af20a760"},
]

[[package]]
name = "scikit-learn"
version = "1.5.0"
requires_python = ">=3.9"
summary = "A set of python modules for machine learning and data mining"
groups = ["default"]
dependencies = [
    "joblib>=1.2.0",
    "numpy>=1.19.5",
    "scipy>=1.6.0",
    "threadpoolctl>=3.1.0",
]
files = [
    {file = "scikit_learn-1.5.0-cp311-cp311-macosx_10_9_x86_64.whl", hash = "sha256:2a65af2d8a6cce4e163a7951a4cfbfa7fceb2d5c013a4b593686c7f16445cf9d"},
    {file = "scikit_learn-1.5.0-cp311-cp311-macosx_12_0_arm64.whl", hash = "sha256:4c0c56c3005f2ec1db3787aeaabefa96256580678cec783986836fc64f8ff622"},
    {file = "scikit_learn-1.5.0-cp311-cp311-manylinux_2_17_aarch64.manylinux2014_aarch64.whl", hash = "sha256:1f77547165c00625551e5c250cefa3f03f2fc92c5e18668abd90bfc4be2e0bff"},
    {file = "scikit_learn-1.5.0-cp311-cp311-manylinux_2_17_x86_64.manylinux2014_x86_64.whl", hash = "sha256:118a8d229a41158c9f90093e46b3737120a165181a1b58c03461447aa4657415"},
    {file = "scikit_learn-1.5.0-cp311-cp311-win_amd64.whl", hash = "sha256:a03b09f9f7f09ffe8c5efffe2e9de1196c696d811be6798ad5eddf323c6f4d40"},
    {file = "scikit_learn-1.5.0.tar.gz", hash = "sha256:789e3db01c750ed6d496fa2db7d50637857b451e57bcae863bff707c1247bef7"},
]

[[package]]
name = "scipy"
version = "1.13.1"
requires_python = ">=3.9"
summary = "Fundamental algorithms for scientific computing in Python"
groups = ["default"]
dependencies = [
    "numpy<2.3,>=1.22.4",
]
files = [
    {file = "scipy-1.13.1-cp311-cp311-macosx_10_9_x86_64.whl", hash = "sha256:27e52b09c0d3a1d5b63e1105f24177e544a222b43611aaf5bc44d4a0979e32f9"},
    {file = "scipy-1.13.1-cp311-cp311-macosx_12_0_arm64.whl", hash = "sha256:54f430b00f0133e2224c3ba42b805bfd0086fe488835effa33fa291561932326"},
    {file = "scipy-1.13.1-cp311-cp311-manylinux_2_17_aarch64.manylinux2014_aarch64.whl", hash = "sha256:e89369d27f9e7b0884ae559a3a956e77c02114cc60a6058b4e5011572eea9299"},
    {file = "scipy-1.13.1-cp311-cp311-manylinux_2_17_x86_64.manylinux2014_x86_64.whl", hash = "sha256:a78b4b3345f1b6f68a763c6e25c0c9a23a9fd0f39f5f3d200efe8feda560a5fa"},
    {file = "scipy-1.13.1-cp311-cp311-musllinux_1_1_x86_64.whl", hash = "sha256:45484bee6d65633752c490404513b9ef02475b4284c4cfab0ef946def50b3f59"},
    {file = "scipy-1.13.1-cp311-cp311-win_amd64.whl", hash = "sha256:5713f62f781eebd8d597eb3f88b8bf9274e79eeabf63afb4a737abc6c84ad37b"},
    {file = "scipy-1.13.1.tar.gz", hash = "sha256:095a87a0312b08dfd6a6155cbbd310a8c51800fc931b8c0b84003014b874ed3c"},
]

[[package]]
name = "shapely"
version = "2.0.4"
requires_python = ">=3.7"
summary = "Manipulation and analysis of geometric objects"
groups = ["default"]
dependencies = [
    "numpy<3,>=1.14",
]
files = [
    {file = "shapely-2.0.4-cp311-cp311-macosx_10_9_universal2.whl", hash = "sha256:de0205cb21ad5ddaef607cda9a3191eadd1e7a62a756ea3a356369675230ac35"},
    {file = "shapely-2.0.4-cp311-cp311-macosx_10_9_x86_64.whl", hash = "sha256:7d56ce3e2a6a556b59a288771cf9d091470116867e578bebced8bfc4147fbfd7"},
    {file = "shapely-2.0.4-cp311-cp311-macosx_11_0_arm64.whl", hash = "sha256:58b0ecc505bbe49a99551eea3f2e8a9b3b24b3edd2a4de1ac0dc17bc75c9ec07"},
    {file = "shapely-2.0.4-cp311-cp311-manylinux_2_17_aarch64.manylinux2014_aarch64.whl", hash = "sha256:790a168a808bd00ee42786b8ba883307c0e3684ebb292e0e20009588c426da47"},
    {file = "shapely-2.0.4-cp311-cp311-manylinux_2_17_x86_64.manylinux2014_x86_64.whl", hash = "sha256:4310b5494271e18580d61022c0857eb85d30510d88606fa3b8314790df7f367d"},
    {file = "shapely-2.0.4-cp311-cp311-win32.whl", hash = "sha256:63f3a80daf4f867bd80f5c97fbe03314348ac1b3b70fb1c0ad255a69e3749879"},
    {file = "shapely-2.0.4-cp311-cp311-win_amd64.whl", hash = "sha256:c52ed79f683f721b69a10fb9e3d940a468203f5054927215586c5d49a072de8d"},
    {file = "shapely-2.0.4.tar.gz", hash = "sha256:5dc736127fac70009b8d309a0eeb74f3e08979e530cf7017f2f507ef62e6cfb8"},
]

[[package]]
name = "six"
version = "1.16.0"
requires_python = ">=2.7, !=3.0.*, !=3.1.*, !=3.2.*"
summary = "Python 2 and 3 compatibility utilities"
groups = ["default"]
files = [
    {file = "six-1.16.0-py2.py3-none-any.whl", hash = "sha256:8abb2f1d86890a2dfb989f9a77cfcfd3e47c2a354b01111771326f8aa26e0254"},
    {file = "six-1.16.0.tar.gz", hash = "sha256:1e61c37477a1626458e36f7b1d82aa5c9b094fa4802892072e49de9c60c4c926"},
]

[[package]]
name = "threadpoolctl"
version = "3.5.0"
requires_python = ">=3.8"
summary = "threadpoolctl"
groups = ["default"]
files = [
    {file = "threadpoolctl-3.5.0-py3-none-any.whl", hash = "sha256:56c1e26c150397e58c4926da8eeee87533b1e32bef131bd4bf6a2f45f3185467"},
    {file = "threadpoolctl-3.5.0.tar.gz", hash = "sha256:082433502dd922bf738de0d8bcc4fdcbf0979ff44c42bd40f5af8a282f6fa107"},
]

[[package]]
name = "tzdata"
version = "2024.1"
requires_python = ">=2"
summary = "Provider of IANA time zone data"
groups = ["default"]
files = [
    {file = "tzdata-2024.1-py2.py3-none-any.whl", hash = "sha256:9068bc196136463f5245e51efda838afa15aaeca9903f49050dfa2679db4d252"},
    {file = "tzdata-2024.1.tar.gz", hash = "sha256:2674120f8d891909751c38abcdfd386ac0a5a1127954fbc332af6b5ceae07efd"},
]

[[package]]
name = "urllib3"
version = "2.2.2"
requires_python = ">=3.8"
summary = "HTTP library with thread-safe connection pooling, file post, and more."
groups = ["default"]
files = [
    {file = "urllib3-2.2.2-py3-none-any.whl", hash = "sha256:a448b2f64d686155468037e1ace9f2d2199776e17f0a46610480d311f73e3472"},
    {file = "urllib3-2.2.2.tar.gz", hash = "sha256:dd505485549a7a552833da5e6063639d0d177c04f23bc3864e41e5dc5f612168"},
]

[[package]]
name = "xyzservices"
version = "2024.6.0"
requires_python = ">=3.8"
summary = "Source of XYZ tiles providers"
groups = ["default"]
files = [
    {file = "xyzservices-2024.6.0-py3-none-any.whl", hash = "sha256:fecb2508f0f2b71c819aecf5df2c03cef001c56a4b49302e640f3b34710d25e4"},
    {file = "xyzservices-2024.6.0.tar.gz", hash = "sha256:58c1bdab4257d2551b9ef91cd48571f77b7c4d2bc45bf5e3c05ac97b3a4d7282"},
]
